
Microsoft Visual Studio Solution File, Format Version 12.00
# Visual Studio Version 17
VisualStudioVersion = 17.4.33213.308
MinimumVisualStudioVersion = 10.0.40219.1
Project("{9A19103F-16F7-4668-BE54-9A1E7A4F7556}") = "NumberToWord.Test", "NumberToWord.Test\NumberToWord.Test.csproj", "{C8E10413-4291-45EB-9B2D-2A2DEFD856D9}"
EndProject
Project("{FAE04EC0-301F-11D3-BF4B-00C04F79EFBC}") = "Gulivera.NumberToWord", "Gulivera.NumberToWord\Gulivera.NumberToWord.csproj", "{53564D5C-C73F-4D82-8921-5B7B077D1F79}"
EndProject
Global
	GlobalSection(SolutionConfigurationPlatforms) = preSolution
		Debug|Any CPU = Debug|Any CPU
		Release|Any CPU = Release|Any CPU
	EndGlobalSection
	GlobalSection(ProjectConfigurationPlatforms) = postSolution
		{C8E10413-4291-45EB-9B2D-2A2DEFD856D9}.Debug|Any CPU.ActiveCfg = Debug|Any CPU
		{C8E10413-4291-45EB-9B2D-2A2DEFD856D9}.Debug|Any CPU.Build.0 = Debug|Any CPU
		{C8E10413-4291-45EB-9B2D-2A2DEFD856D9}.Release|Any CPU.ActiveCfg = Release|Any CPU
		{C8E10413-4291-45EB-9B2D-2A2DEFD856D9}.Release|Any CPU.Build.0 = Release|Any CPU
		{53564D5C-C73F-4D82-8921-5B7B077D1F79}.Debug|Any CPU.ActiveCfg = Debug|Any CPU
		{53564D5C-C73F-4D82-8921-5B7B077D1F79}.Debug|Any CPU.Build.0 = Debug|Any CPU
		{53564D5C-C73F-4D82-8921-5B7B077D1F79}.Release|Any CPU.ActiveCfg = Release|Any CPU
		{53564D5C-C73F-4D82-8921-5B7B077D1F79}.Release|Any CPU.Build.0 = Release|Any CPU
	EndGlobalSection
	GlobalSection(SolutionProperties) = preSolution
		HideSolutionNode = FALSE
	EndGlobalSection
	GlobalSection(ExtensibilityGlobals) = postSolution
		SolutionGuid = {A79FAFD7-C086-4171-BA8D-FEF73C479696}
	EndGlobalSection
EndGlobal
